
Microsoft Visual Studio Solution File, Format Version 12.00
# Visual Studio Version 17
VisualStudioVersion = 17.3.32922.545
MinimumVisualStudioVersion = 10.0.40219.1
Project("{888888A0-9F3D-457C-B088-3A5042F75D52}") = "FlaskWebProject1", "FlaskWebProject1\FlaskWebProject1.pyproj", "{AADD1657-3F56-4881-AE60-F191BCBCB982}"
EndProject
Global
	GlobalSection(SolutionConfigurationPlatforms) = preSolution
		Debug|Any CPU = Debug|Any CPU
		Release|Any CPU = Release|Any CPU
	EndGlobalSection
	GlobalSection(ProjectConfigurationPlatforms) = postSolution
		{AADD1657-3F56-4881-AE60-F191BCBCB982}.Debug|Any CPU.ActiveCfg = Debug|Any CPU
		{AADD1657-3F56-4881-AE60-F191BCBCB982}.Debug|Any CPU.Build.0 = Debug|Any CPU
		{AADD1657-3F56-4881-AE60-F191BCBCB982}.Release|Any CPU.ActiveCfg = Release|Any CPU
		{AADD1657-3F56-4881-AE60-F191BCBCB982}.Release|Any CPU.Build.0 = Release|Any CPU
	EndGlobalSection
	GlobalSection(SolutionProperties) = preSolution
		HideSolutionNode = FALSE
	EndGlobalSection
	GlobalSection(ExtensibilityGlobals) = postSolution
		SolutionGuid = {E13EA683-700F-4AFB-BB78-E7D1169E4168}
	EndGlobalSection
EndGlobal
